// !$*UTF8*$!
{
	archiveVersion = 1;
	classes = {
	};
	objectVersion = 50;
	objects = {

/* Begin PBXBuildFile section */
		B135339526A4E5B2005AFAE3 /* AppDelegate.swift in Sources */ = {isa = PBXBuildFile; fileRef = B135339426A4E5B2005AFAE3 /* AppDelegate.swift */; };
		B135339726A4E5B2005AFAE3 /* SceneDelegate.swift in Sources */ = {isa = PBXBuildFile; fileRef = B135339626A4E5B2005AFAE3 /* SceneDelegate.swift */; };
		B135339926A4E5B2005AFAE3 /* ViewController.swift in Sources */ = {isa = PBXBuildFile; fileRef = B135339826A4E5B2005AFAE3 /* ViewController.swift */; };
		B135339C26A4E5B2005AFAE3 /* Main.storyboard in Resources */ = {isa = PBXBuildFile; fileRef = B135339A26A4E5B2005AFAE3 /* Main.storyboard */; };
		B135339E26A4E5B5005AFAE3 /* Assets.xcassets in Resources */ = {isa = PBXBuildFile; fileRef = B135339D26A4E5B5005AFAE3 /* Assets.xcassets */; };
		B13533A126A4E5B5005AFAE3 /* LaunchScreen.storyboard in Resources */ = {isa = PBXBuildFile; fileRef = B135339F26A4E5B5005AFAE3 /* LaunchScreen.storyboard */; };
		B13533AC26A4E5B5005AFAE3 /* GenericsStarWarsTests.swift in Sources */ = {isa = PBXBuildFile; fileRef = B13533AB26A4E5B5005AFAE3 /* GenericsStarWarsTests.swift */; };
		B13533B726A4E5B5005AFAE3 /* GenericsStarWarsUITests.swift in Sources */ = {isa = PBXBuildFile; fileRef = B13533B626A4E5B5005AFAE3 /* GenericsStarWarsUITests.swift */; };
		B13533C526A4E5D3005AFAE3 /* Service.swift in Sources */ = {isa = PBXBuildFile; fileRef = B13533C426A4E5D3005AFAE3 /* Service.swift */; };
		B13533C726A4EB28005AFAE3 /* Repository.swift in Sources */ = {isa = PBXBuildFile; fileRef = B13533C626A4EB28005AFAE3 /* Repository.swift */; };
/* End PBXBuildFile section */

/* Begin PBXContainerItemProxy section */
		B13533A826A4E5B5005AFAE3 /* PBXContainerItemProxy */ = {
			isa = PBXContainerItemProxy;
			containerPortal = B135338926A4E5B2005AFAE3 /* Project object */;
			proxyType = 1;
			remoteGlobalIDString = B135339026A4E5B2005AFAE3;
			remoteInfo = GenericsStarWars;
		};
		B13533B326A4E5B5005AFAE3 /* PBXContainerItemProxy */ = {
			isa = PBXContainerItemProxy;
			containerPortal = B135338926A4E5B2005AFAE3 /* Project object */;
			proxyType = 1;
			remoteGlobalIDString = B135339026A4E5B2005AFAE3;
			remoteInfo = GenericsStarWars;
		};
/* End PBXContainerItemProxy section */

/* Begin PBXFileReference section */
		B135339126A4E5B2005AFAE3 /* GenericsStarWars.app */ = {isa = PBXFileReference; explicitFileType = wrapper.application; includeInIndex = 0; path = GenericsStarWars.app; sourceTree = BUILT_PRODUCTS_DIR; };
		B135339426A4E5B2005AFAE3 /* AppDelegate.swift */ = {isa = PBXFileReference; lastKnownFileType = sourcecode.swift; path = AppDelegate.swift; sourceTree = "<group>"; };
		B135339626A4E5B2005AFAE3 /* SceneDelegate.swift */ = {isa = PBXFileReference; lastKnownFileType = sourcecode.swift; path = SceneDelegate.swift; sourceTree = "<group>"; };
		B135339826A4E5B2005AFAE3 /* ViewController.swift */ = {isa = PBXFileReference; lastKnownFileType = sourcecode.swift; path = ViewController.swift; sourceTree = "<group>"; };
		B135339B26A4E5B2005AFAE3 /* Base */ = {isa = PBXFileReference; lastKnownFileType = file.storyboard; name = Base; path = Base.lproj/Main.storyboard; sourceTree = "<group>"; };
		B135339D26A4E5B5005AFAE3 /* Assets.xcassets */ = {isa = PBXFileReference; lastKnownFileType = folder.assetcatalog; path = Assets.xcassets; sourceTree = "<group>"; };
		B13533A026A4E5B5005AFAE3 /* Base */ = {isa = PBXFileReference; lastKnownFileType = file.storyboard; name = Base; path = Base.lproj/LaunchScreen.storyboard; sourceTree = "<group>"; };
		B13533A226A4E5B5005AFAE3 /* Info.plist */ = {isa = PBXFileReference; lastKnownFileType = text.plist.xml; path = Info.plist; sourceTree = "<group>"; };
		B13533A726A4E5B5005AFAE3 /* GenericsStarWarsTests.xctest */ = {isa = PBXFileReference; explicitFileType = wrapper.cfbundle; includeInIndex = 0; path = GenericsStarWarsTests.xctest; sourceTree = BUILT_PRODUCTS_DIR; };
		B13533AB26A4E5B5005AFAE3 /* GenericsStarWarsTests.swift */ = {isa = PBXFileReference; lastKnownFileType = sourcecode.swift; path = GenericsStarWarsTests.swift; sourceTree = "<group>"; };
		B13533AD26A4E5B5005AFAE3 /* Info.plist */ = {isa = PBXFileReference; lastKnownFileType = text.plist.xml; path = Info.plist; sourceTree = "<group>"; };
		B13533B226A4E5B5005AFAE3 /* GenericsStarWarsUITests.xctest */ = {isa = PBXFileReference; explicitFileType = wrapper.cfbundle; includeInIndex = 0; path = GenericsStarWarsUITests.xctest; sourceTree = BUILT_PRODUCTS_DIR; };
		B13533B626A4E5B5005AFAE3 /* GenericsStarWarsUITests.swift */ = {isa = PBXFileReference; lastKnownFileType = sourcecode.swift; path = GenericsStarWarsUITests.swift; sourceTree = "<group>"; };
		B13533B826A4E5B5005AFAE3 /* Info.plist */ = {isa = PBXFileReference; lastKnownFileType = text.plist.xml; path = Info.plist; sourceTree = "<group>"; };
		B13533C426A4E5D3005AFAE3 /* Service.swift */ = {isa = PBXFileReference; lastKnownFileType = sourcecode.swift; path = Service.swift; sourceTree = "<group>"; };
		B13533C626A4EB28005AFAE3 /* Repository.swift */ = {isa = PBXFileReference; lastKnownFileType = sourcecode.swift; path = Repository.swift; sourceTree = "<group>"; };
/* End PBXFileReference section */

/* Begin PBXFrameworksBuildPhase section */
		B135338E26A4E5B2005AFAE3 /* Frameworks */ = {
			isa = PBXFrameworksBuildPhase;
			buildActionMask = 2147483647;
			files = (
			);
			runOnlyForDeploymentPostprocessing = 0;
		};
		B13533A426A4E5B5005AFAE3 /* Frameworks */ = {
			isa = PBXFrameworksBuildPhase;
			buildActionMask = 2147483647;
			files = (
			);
			runOnlyForDeploymentPostprocessing = 0;
		};
		B13533AF26A4E5B5005AFAE3 /* Frameworks */ = {
			isa = PBXFrameworksBuildPhase;
			buildActionMask = 2147483647;
			files = (
			);
			runOnlyForDeploymentPostprocessing = 0;
		};
/* End PBXFrameworksBuildPhase section */

/* Begin PBXGroup section */
		B135338826A4E5B2005AFAE3 = {
			isa = PBXGroup;
			children = (
				B135339326A4E5B2005AFAE3 /* GenericsStarWars */,
				B13533AA26A4E5B5005AFAE3 /* GenericsStarWarsTests */,
				B13533B526A4E5B5005AFAE3 /* GenericsStarWarsUITests */,
				B135339226A4E5B2005AFAE3 /* Products */,
			);
			sourceTree = "<group>";
		};
		B135339226A4E5B2005AFAE3 /* Products */ = {
			isa = PBXGroup;
			children = (
				B135339126A4E5B2005AFAE3 /* GenericsStarWars.app */,
				B13533A726A4E5B5005AFAE3 /* GenericsStarWarsTests.xctest */,
				B13533B226A4E5B5005AFAE3 /* GenericsStarWarsUITests.xctest */,
			);
			name = Products;
			sourceTree = "<group>";
		};
		B135339326A4E5B2005AFAE3 /* GenericsStarWars */ = {
			isa = PBXGroup;
			children = (
				B135339426A4E5B2005AFAE3 /* AppDelegate.swift */,
				B135339626A4E5B2005AFAE3 /* SceneDelegate.swift */,
				B135339826A4E5B2005AFAE3 /* ViewController.swift */,
				B135339A26A4E5B2005AFAE3 /* Main.storyboard */,
				B135339D26A4E5B5005AFAE3 /* Assets.xcassets */,
				B135339F26A4E5B5005AFAE3 /* LaunchScreen.storyboard */,
				B13533A226A4E5B5005AFAE3 /* Info.plist */,
				B13533C426A4E5D3005AFAE3 /* Service.swift */,
				B13533C626A4EB28005AFAE3 /* Repository.swift */,
			);
			path = GenericsStarWars;
			sourceTree = "<group>";
		};
		B13533AA26A4E5B5005AFAE3 /* GenericsStarWarsTests */ = {
			isa = PBXGroup;
			children = (
				B13533AB26A4E5B5005AFAE3 /* GenericsStarWarsTests.swift */,
				B13533AD26A4E5B5005AFAE3 /* Info.plist */,
			);
			path = GenericsStarWarsTests;
			sourceTree = "<group>";
		};
		B13533B526A4E5B5005AFAE3 /* GenericsStarWarsUITests */ = {
			isa = PBXGroup;
			children = (
				B13533B626A4E5B5005AFAE3 /* GenericsStarWarsUITests.swift */,
				B13533B826A4E5B5005AFAE3 /* Info.plist */,
			);
			path = GenericsStarWarsUITests;
			sourceTree = "<group>";
		};
/* End PBXGroup section */

/* Begin PBXNativeTarget section */
		B135339026A4E5B2005AFAE3 /* GenericsStarWars */ = {
			isa = PBXNativeTarget;
			buildConfigurationList = B13533BB26A4E5B5005AFAE3 /* Build configuration list for PBXNativeTarget "GenericsStarWars" */;
			buildPhases = (
				B135338D26A4E5B2005AFAE3 /* Sources */,
				B135338E26A4E5B2005AFAE3 /* Frameworks */,
				B135338F26A4E5B2005AFAE3 /* Resources */,
			);
			buildRules = (
			);
			dependencies = (
			);
			name = GenericsStarWars;
			productName = GenericsStarWars;
			productReference = B135339126A4E5B2005AFAE3 /* GenericsStarWars.app */;
			productType = "com.apple.product-type.application";
		};
		B13533A626A4E5B5005AFAE3 /* GenericsStarWarsTests */ = {
			isa = PBXNativeTarget;
			buildConfigurationList = B13533BE26A4E5B5005AFAE3 /* Build configuration list for PBXNativeTarget "GenericsStarWarsTests" */;
			buildPhases = (
				B13533A326A4E5B5005AFAE3 /* Sources */,
				B13533A426A4E5B5005AFAE3 /* Frameworks */,
				B13533A526A4E5B5005AFAE3 /* Resources */,
			);
			buildRules = (
			);
			dependencies = (
				B13533A926A4E5B5005AFAE3 /* PBXTargetDependency */,
			);
			name = GenericsStarWarsTests;
			productName = GenericsStarWarsTests;
			productReference = B13533A726A4E5B5005AFAE3 /* GenericsStarWarsTests.xctest */;
			productType = "com.apple.product-type.bundle.unit-test";
		};
		B13533B126A4E5B5005AFAE3 /* GenericsStarWarsUITests */ = {
			isa = PBXNativeTarget;
			buildConfigurationList = B13533C126A4E5B5005AFAE3 /* Build configuration list for PBXNativeTarget "GenericsStarWarsUITests" */;
			buildPhases = (
				B13533AE26A4E5B5005AFAE3 /* Sources */,
				B13533AF26A4E5B5005AFAE3 /* Frameworks */,
				B13533B026A4E5B5005AFAE3 /* Resources */,
			);
			buildRules = (
			);
			dependencies = (
				B13533B426A4E5B5005AFAE3 /* PBXTargetDependency */,
			);
			name = GenericsStarWarsUITests;
			productName = GenericsStarWarsUITests;
			productReference = B13533B226A4E5B5005AFAE3 /* GenericsStarWarsUITests.xctest */;
			productType = "com.apple.product-type.bundle.ui-testing";
		};
/* End PBXNativeTarget section */

/* Begin PBXProject section */
		B135338926A4E5B2005AFAE3 /* Project object */ = {
			isa = PBXProject;
			attributes = {
				LastSwiftUpdateCheck = 1250;
				LastUpgradeCheck = 1250;
				TargetAttributes = {
					B135339026A4E5B2005AFAE3 = {
						CreatedOnToolsVersion = 12.5;
					};
					B13533A626A4E5B5005AFAE3 = {
						CreatedOnToolsVersion = 12.5;
						TestTargetID = B135339026A4E5B2005AFAE3;
					};
					B13533B126A4E5B5005AFAE3 = {
						CreatedOnToolsVersion = 12.5;
						TestTargetID = B135339026A4E5B2005AFAE3;
					};
				};
			};
			buildConfigurationList = B135338C26A4E5B2005AFAE3 /* Build configuration list for PBXProject "GenericsStarWars" */;
			compatibilityVersion = "Xcode 9.3";
			developmentRegion = en;
			hasScannedForEncodings = 0;
			knownRegions = (
				en,
				Base,
			);
			mainGroup = B135338826A4E5B2005AFAE3;
			productRefGroup = B135339226A4E5B2005AFAE3 /* Products */;
			projectDirPath = "";
			projectRoot = "";
			targets = (
				B135339026A4E5B2005AFAE3 /* GenericsStarWars */,
				B13533A626A4E5B5005AFAE3 /* GenericsStarWarsTests */,
				B13533B126A4E5B5005AFAE3 /* GenericsStarWarsUITests */,
			);
		};
/* End PBXProject section */

/* Begin PBXResourcesBuildPhase section */
		B135338F26A4E5B2005AFAE3 /* Resources */ = {
			isa = PBXResourcesBuildPhase;
			buildActionMask = 2147483647;
			files = (
				B13533A126A4E5B5005AFAE3 /* LaunchScreen.storyboard in Resources */,
				B135339E26A4E5B5005AFAE3 /* Assets.xcassets in Resources */,
				B135339C26A4E5B2005AFAE3 /* Main.storyboard in Resources */,
			);
			runOnlyForDeploymentPostprocessing = 0;
		};
		B13533A526A4E5B5005AFAE3 /* Resources */ = {
			isa = PBXResourcesBuildPhase;
			buildActionMask = 2147483647;
			files = (
			);
			runOnlyForDeploymentPostprocessing = 0;
		};
		B13533B026A4E5B5005AFAE3 /* Resources */ = {
			isa = PBXResourcesBuildPhase;
			buildActionMask = 2147483647;
			files = (
			);
			runOnlyForDeploymentPostprocessing = 0;
		};
/* End PBXResourcesBuildPhase section */

/* Begin PBXSourcesBuildPhase section */
		B135338D26A4E5B2005AFAE3 /* Sources */ = {
			isa = PBXSourcesBuildPhase;
			buildActionMask = 2147483647;
			files = (
				B135339926A4E5B2005AFAE3 /* ViewController.swift in Sources */,
				B13533C526A4E5D3005AFAE3 /* Service.swift in Sources */,
				B13533C726A4EB28005AFAE3 /* Repository.swift in Sources */,
				B135339526A4E5B2005AFAE3 /* AppDelegate.swift in Sources */,
				B135339726A4E5B2005AFAE3 /* SceneDelegate.swift in Sources */,
			);
			runOnlyForDeploymentPostprocessing = 0;
		};
		B13533A326A4E5B5005AFAE3 /* Sources */ = {
			isa = PBXSourcesBuildPhase;
			buildActionMask = 2147483647;
			files = (
				B13533AC26A4E5B5005AFAE3 /* GenericsStarWarsTests.swift in Sources */,
			);
			runOnlyForDeploymentPostprocessing = 0;
		};
		B13533AE26A4E5B5005AFAE3 /* Sources */ = {
			isa = PBXSourcesBuildPhase;
			buildActionMask = 2147483647;
			files = (
				B13533B726A4E5B5005AFAE3 /* GenericsStarWarsUITests.swift in Sources */,
			);
			runOnlyForDeploymentPostprocessing = 0;
		};
/* End PBXSourcesBuildPhase section */

/* Begin PBXTargetDependency section */
		B13533A926A4E5B5005AFAE3 /* PBXTargetDependency */ = {
			isa = PBXTargetDependency;
			target = B135339026A4E5B2005AFAE3 /* GenericsStarWars */;
			targetProxy = B13533A826A4E5B5005AFAE3 /* PBXContainerItemProxy */;
		};
		B13533B426A4E5B5005AFAE3 /* PBXTargetDependency */ = {
			isa = PBXTargetDependency;
			target = B135339026A4E5B2005AFAE3 /* GenericsStarWars */;
			targetProxy = B13533B326A4E5B5005AFAE3 /* PBXContainerItemProxy */;
		};
/* End PBXTargetDependency section */

/* Begin PBXVariantGroup section */
		B135339A26A4E5B2005AFAE3 /* Main.storyboard */ = {
			isa = PBXVariantGroup;
			children = (
				B135339B26A4E5B2005AFAE3 /* Base */,
			);
			name = Main.storyboard;
			sourceTree = "<group>";
		};
		B135339F26A4E5B5005AFAE3 /* LaunchScreen.storyboard */ = {
			isa = PBXVariantGroup;
			children = (
				B13533A026A4E5B5005AFAE3 /* Base */,
			);
			name = LaunchScreen.storyboard;
			sourceTree = "<group>";
		};
/* End PBXVariantGroup section */

/* Begin XCBuildConfiguration section */
		B13533B926A4E5B5005AFAE3 /* Debug */ = {
			isa = XCBuildConfiguration;
			buildSettings = {
				ALWAYS_SEARCH_USER_PATHS = NO;
				CLANG_ANALYZER_NONNULL = YES;
				CLANG_ANALYZER_NUMBER_OBJECT_CONVERSION = YES_AGGRESSIVE;
				CLANG_CXX_LANGUAGE_STANDARD = "gnu++14";
				CLANG_CXX_LIBRARY = "libc++";
				CLANG_ENABLE_MODULES = YES;
				CLANG_ENABLE_OBJC_ARC = YES;
				CLANG_ENABLE_OBJC_WEAK = YES;
				CLANG_WARN_BLOCK_CAPTURE_AUTORELEASING = YES;
				CLANG_WARN_BOOL_CONVERSION = YES;
				CLANG_WARN_COMMA = YES;
				CLANG_WARN_CONSTANT_CONVERSION = YES;
				CLANG_WARN_DEPRECATED_OBJC_IMPLEMENTATIONS = YES;
				CLANG_WARN_DIRECT_OBJC_ISA_USAGE = YES_ERROR;
				CLANG_WARN_DOCUMENTATION_COMMENTS = YES;
				CLANG_WARN_EMPTY_BODY = YES;
				CLANG_WARN_ENUM_CONVERSION = YES;
				CLANG_WARN_INFINITE_RECURSION = YES;
				CLANG_WARN_INT_CONVERSION = YES;
				CLANG_WARN_NON_LITERAL_NULL_CONVERSION = YES;
				CLANG_WARN_OBJC_IMPLICIT_RETAIN_SELF = YES;
				CLANG_WARN_OBJC_LITERAL_CONVERSION = YES;
				CLANG_WARN_OBJC_ROOT_CLASS = YES_ERROR;
				CLANG_WARN_QUOTED_INCLUDE_IN_FRAMEWORK_HEADER = YES;
				CLANG_WARN_RANGE_LOOP_ANALYSIS = YES;
				CLANG_WARN_STRICT_PROTOTYPES = YES;
				CLANG_WARN_SUSPICIOUS_MOVE = YES;
				CLANG_WARN_UNGUARDED_AVAILABILITY = YES_AGGRESSIVE;
				CLANG_WARN_UNREACHABLE_CODE = YES;
				CLANG_WARN__DUPLICATE_METHOD_MATCH = YES;
				COPY_PHASE_STRIP = NO;
				DEBUG_INFORMATION_FORMAT = dwarf;
				ENABLE_STRICT_OBJC_MSGSEND = YES;
				ENABLE_TESTABILITY = YES;
				GCC_C_LANGUAGE_STANDARD = gnu11;
				GCC_DYNAMIC_NO_PIC = NO;
				GCC_NO_COMMON_BLOCKS = YES;
				GCC_OPTIMIZATION_LEVEL = 0;
				GCC_PREPROCESSOR_DEFINITIONS = (
					"DEBUG=1",
					"$(inherited)",
				);
				GCC_WARN_64_TO_32_BIT_CONVERSION = YES;
				GCC_WARN_ABOUT_RETURN_TYPE = YES_ERROR;
				GCC_WARN_UNDECLARED_SELECTOR = YES;
				GCC_WARN_UNINITIALIZED_AUTOS = YES_AGGRESSIVE;
				GCC_WARN_UNUSED_FUNCTION = YES;
				GCC_WARN_UNUSED_VARIABLE = YES;
				IPHONEOS_DEPLOYMENT_TARGET = 14.5;
				MTL_ENABLE_DEBUG_INFO = INCLUDE_SOURCE;
				MTL_FAST_MATH = YES;
				ONLY_ACTIVE_ARCH = YES;
				SDKROOT = iphoneos;
				SWIFT_ACTIVE_COMPILATION_CONDITIONS = DEBUG;
				SWIFT_OPTIMIZATION_LEVEL = "-Onone";
			};
			name = Debug;
		};
		B13533BA26A4E5B5005AFAE3 /* Release */ = {
			isa = XCBuildConfiguration;
			buildSettings = {
				ALWAYS_SEARCH_USER_PATHS = NO;
				CLANG_ANALYZER_NONNULL = YES;
				CLANG_ANALYZER_NUMBER_OBJECT_CONVERSION = YES_AGGRESSIVE;
				CLANG_CXX_LANGUAGE_STANDARD = "gnu++14";
				CLANG_CXX_LIBRARY = "libc++";
				CLANG_ENABLE_MODULES = YES;
				CLANG_ENABLE_OBJC_ARC = YES;
				CLANG_ENABLE_OBJC_WEAK = YES;
				CLANG_WARN_BLOCK_CAPTURE_AUTORELEASING = YES;
				CLANG_WARN_BOOL_CONVERSION = YES;
				CLANG_WARN_COMMA = YES;
				CLANG_WARN_CONSTANT_CONVERSION = YES;
				CLANG_WARN_DEPRECATED_OBJC_IMPLEMENTATIONS = YES;
				CLANG_WARN_DIRECT_OBJC_ISA_USAGE = YES_ERROR;
				CLANG_WARN_DOCUMENTATION_COMMENTS = YES;
				CLANG_WARN_EMPTY_BODY = YES;
				CLANG_WARN_ENUM_CONVERSION = YES;
				CLANG_WARN_INFINITE_RECURSION = YES;
				CLANG_WARN_INT_CONVERSION = YES;
				CLANG_WARN_NON_LITERAL_NULL_CONVERSION = YES;
				CLANG_WARN_OBJC_IMPLICIT_RETAIN_SELF = YES;
				CLANG_WARN_OBJC_LITERAL_CONVERSION = YES;
				CLANG_WARN_OBJC_ROOT_CLASS = YES_ERROR;
				CLANG_WARN_QUOTED_INCLUDE_IN_FRAMEWORK_HEADER = YES;
				CLANG_WARN_RANGE_LOOP_ANALYSIS = YES;
				CLANG_WARN_STRICT_PROTOTYPES = YES;
				CLANG_WARN_SUSPICIOUS_MOVE = YES;
				CLANG_WARN_UNGUARDED_AVAILABILITY = YES_AGGRESSIVE;
				CLANG_WARN_UNREACHABLE_CODE = YES;
				CLANG_WARN__DUPLICATE_METHOD_MATCH = YES;
				COPY_PHASE_STRIP = NO;
				DEBUG_INFORMATION_FORMAT = "dwarf-with-dsym";
				ENABLE_NS_ASSERTIONS = NO;
				ENABLE_STRICT_OBJC_MSGSEND = YES;
				GCC_C_LANGUAGE_STANDARD = gnu11;
				GCC_NO_COMMON_BLOCKS = YES;
				GCC_WARN_64_TO_32_BIT_CONVERSION = YES;
				GCC_WARN_ABOUT_RETURN_TYPE = YES_ERROR;
				GCC_WARN_UNDECLARED_SELECTOR = YES;
				GCC_WARN_UNINITIALIZED_AUTOS = YES_AGGRESSIVE;
				GCC_WARN_UNUSED_FUNCTION = YES;
				GCC_WARN_UNUSED_VARIABLE = YES;
				IPHONEOS_DEPLOYMENT_TARGET = 14.5;
				MTL_ENABLE_DEBUG_INFO = NO;
				MTL_FAST_MATH = YES;
				SDKROOT = iphoneos;
				SWIFT_COMPILATION_MODE = wholemodule;
				SWIFT_OPTIMIZATION_LEVEL = "-O";
				VALIDATE_PRODUCT = YES;
			};
			name = Release;
		};
		B13533BC26A4E5B5005AFAE3 /* Debug */ = {
			isa = XCBuildConfiguration;
			buildSettings = {
				ASSETCATALOG_COMPILER_APPICON_NAME = AppIcon;
				ASSETCATALOG_COMPILER_GLOBAL_ACCENT_COLOR_NAME = AccentColor;
				CODE_SIGN_STYLE = Automatic;
				DEVELOPMENT_TEAM = FSKK6D7JX8;
				INFOPLIST_FILE = GenericsStarWars/Info.plist;
				LD_RUNPATH_SEARCH_PATHS = (
					"$(inherited)",
					"@executable_path/Frameworks",
				);
				PRODUCT_BUNDLE_IDENTIFIER = baronebarbara.GenericsStarWars;
				PRODUCT_NAME = "$(TARGET_NAME)";
				SWIFT_VERSION = 5.0;
				TARGETED_DEVICE_FAMILY = "1,2";
			};
			name = Debug;
		};
		B13533BD26A4E5B5005AFAE3 /* Release */ = {
			isa = XCBuildConfiguration;
			buildSettings = {
				ASSETCATALOG_COMPILER_APPICON_NAME = AppIcon;
				ASSETCATALOG_COMPILER_GLOBAL_ACCENT_COLOR_NAME = AccentColor;
				CODE_SIGN_STYLE = Automatic;
				DEVELOPMENT_TEAM = FSKK6D7JX8;
				INFOPLIST_FILE = GenericsStarWars/Info.plist;
				LD_RUNPATH_SEARCH_PATHS = (
					"$(inherited)",
					"@executable_path/Frameworks",
				);
				PRODUCT_BUNDLE_IDENTIFIER = baronebarbara.GenericsStarWars;
				PRODUCT_NAME = "$(TARGET_NAME)";
				SWIFT_VERSION = 5.0;
				TARGETED_DEVICE_FAMILY = "1,2";
			};
			name = Release;
		};
		B13533BF26A4E5B5005AFAE3 /* Debug */ = {
			isa = XCBuildConfiguration;
			buildSettings = {
				ALWAYS_EMBED_SWIFT_STANDARD_LIBRARIES = YES;
				BUNDLE_LOADER = "$(TEST_HOST)";
				CODE_SIGN_STYLE = Automatic;
				DEVELOPMENT_TEAM = FSKK6D7JX8;
				INFOPLIST_FILE = GenericsStarWarsTests/Info.plist;
				IPHONEOS_DEPLOYMENT_TARGET = 14.5;
				LD_RUNPATH_SEARCH_PATHS = (
					"$(inherited)",
					"@executable_path/Frameworks",
					"@loader_path/Frameworks",
				);
				PRODUCT_BUNDLE_IDENTIFIER = baronebarbara.GenericsStarWarsTests;
				PRODUCT_NAME = "$(TARGET_NAME)";
				SWIFT_VERSION = 5.0;
				TARGETED_DEVICE_FAMILY = "1,2";
				TEST_HOST = "$(BUILT_PRODUCTS_DIR)/GenericsStarWars.app/GenericsStarWars";
			};
			name = Debug;
		};
		B13533C026A4E5B5005AFAE3 /* Release */ = {
			isa = XCBuildConfiguration;
			buildSettings = {
				ALWAYS_EMBED_SWIFT_STANDARD_LIBRARIES = YES;
				BUNDLE_LOADER = "$(TEST_HOST)";
				CODE_SIGN_STYLE = Automatic;
				DEVELOPMENT_TEAM = FSKK6D7JX8;
				INFOPLIST_FILE = GenericsStarWarsTests/Info.plist;
				IPHONEOS_DEPLOYMENT_TARGET = 14.5;
				LD_RUNPATH_SEARCH_PATHS = (
					"$(inherited)",
					"@executable_path/Frameworks",
					"@loader_path/Frameworks",
				);
				PRODUCT_BUNDLE_IDENTIFIER = baronebarbara.GenericsStarWarsTests;
				PRODUCT_NAME = "$(TARGET_NAME)";
				SWIFT_VERSION = 5.0;
				TARGETED_DEVICE_FAMILY = "1,2";
				TEST_HOST = "$(BUILT_PRODUCTS_DIR)/GenericsStarWars.app/GenericsStarWars";
			};
			name = Release;
		};
		B13533C226A4E5B5005AFAE3 /* Debug */ = {
			isa = XCBuildConfiguration;
			buildSettings = {
				ALWAYS_EMBED_SWIFT_STANDARD_LIBRARIES = YES;
				CODE_SIGN_STYLE = Automatic;
				DEVELOPMENT_TEAM = FSKK6D7JX8;
				INFOPLIST_FILE = GenericsStarWarsUITests/Info.plist;
				LD_RUNPATH_SEARCH_PATHS = (
					"$(inherited)",
					"@executable_path/Frameworks",
					"@loader_path/Frameworks",
				);
				PRODUCT_BUNDLE_IDENTIFIER = baronebarbara.GenericsStarWarsUITests;
				PRODUCT_NAME = "$(TARGET_NAME)";
				SWIFT_VERSION = 5.0;
				TARGETED_DEVICE_FAMILY = "1,2";
				TEST_TARGET_NAME = GenericsStarWars;
			};
			name = Debug;
		};
		B13533C326A4E5B5005AFAE3 /* Release */ = {
			isa = XCBuildConfiguration;
			buildSettings = {
				ALWAYS_EMBED_SWIFT_STANDARD_LIBRARIES = YES;
				CODE_SIGN_STYLE = Automatic;
				DEVELOPMENT_TEAM = FSKK6D7JX8;
				INFOPLIST_FILE = GenericsStarWarsUITests/Info.plist;
				LD_RUNPATH_SEARCH_PATHS = (
					"$(inherited)",
					"@executable_path/Frameworks",
					"@loader_path/Frameworks",
				);
				PRODUCT_BUNDLE_IDENTIFIER = baronebarbara.GenericsStarWarsUITests;
				PRODUCT_NAME = "$(TARGET_NAME)";
				SWIFT_VERSION = 5.0;
				TARGETED_DEVICE_FAMILY = "1,2";
				TEST_TARGET_NAME = GenericsStarWars;
			};
			name = Release;
		};
/* End XCBuildConfiguration section */

/* Begin XCConfigurationList section */
		B135338C26A4E5B2005AFAE3 /* Build configuration list for PBXProject "GenericsStarWars" */ = {
			isa = XCConfigurationList;
			buildConfigurations = (
				B13533B926A4E5B5005AFAE3 /* Debug */,
				B13533BA26A4E5B5005AFAE3 /* Release */,
			);
			defaultConfigurationIsVisible = 0;
			defaultConfigurationName = Release;
		};
		B13533BB26A4E5B5005AFAE3 /* Build configuration list for PBXNativeTarget "GenericsStarWars" */ = {
			isa = XCConfigurationList;
			buildConfigurations = (
				B13533BC26A4E5B5005AFAE3 /* Debug */,
				B13533BD26A4E5B5005AFAE3 /* Release */,
			);
			defaultConfigurationIsVisible = 0;
			defaultConfigurationName = Release;
		};
		B13533BE26A4E5B5005AFAE3 /* Build configuration list for PBXNativeTarget "GenericsStarWarsTests" */ = {
			isa = XCConfigurationList;
			buildConfigurations = (
				B13533BF26A4E5B5005AFAE3 /* Debug */,
				B13533C026A4E5B5005AFAE3 /* Release */,
			);
			defaultConfigurationIsVisible = 0;
			defaultConfigurationName = Release;
		};
		B13533C126A4E5B5005AFAE3 /* Build configuration list for PBXNativeTarget "GenericsStarWarsUITests" */ = {
			isa = XCConfigurationList;
			buildConfigurations = (
				B13533C226A4E5B5005AFAE3 /* Debug */,
				B13533C326A4E5B5005AFAE3 /* Release */,
			);
			defaultConfigurationIsVisible = 0;
			defaultConfigurationName = Release;
		};
/* End XCConfigurationList section */
	};
	rootObject = B135338926A4E5B2005AFAE3 /* Project object */;
}
